{
  "name": "01natours",
  "lockfileVersion": 3,
  "requires": true,
  "packages": {
    "": {
      "dependencies": {
        "@icon/linea-basic": "^1.0.0-alpha.4"
      }
    },
    "node_modules/@icon/linea-basic": {
      "version": "1.0.0-alpha.4",
      "resolved": "https://registry.npmjs.org/@icon/linea-basic/-/linea-basic-1.0.0-alpha.4.tgz",
      "integrity": "sha512-r4uI0PI1obaQuvjjDi3BjBkrA4jD2ac7ZV3gFMttQQQDSFLT61fDTSr+LojzhjLGr3Oajx29+6T13c6mj8YyTQ=="
    }
  }
}
